
Microsoft Visual Studio Solution File, Format Version 12.00
# Visual Studio Version 18
VisualStudioVersion = 18.0.11222.15
MinimumVisualStudioVersion = 10.0.40219.1
Project("{9A19103F-16F7-4668-BE54-9A1E7A4F7556}") = "Diquis.WebApi", "Diquis.WebApi\Diquis.WebApi.csproj", "{5B085394-6DB3-4206-AC3C-9DE2816AFB6C}"
EndProject
Project("{9A19103F-16F7-4668-BE54-9A1E7A4F7556}") = "Diquis.Application", "Diquis.Application\Diquis.Application.csproj", "{C0FDB585-90F3-4D6B-B79B-EFCE33699486}"
EndProject
Project("{9A19103F-16F7-4668-BE54-9A1E7A4F7556}") = "Diquis.Infrastructure", "Diquis.Infrastructure\Diquis.Infrastructure.csproj", "{B2EE8400-B120-473E-9F47-6084921D0862}"
EndProject
Project("{9A19103F-16F7-4668-BE54-9A1E7A4F7556}") = "Diquis.Domain", "Diquis.Domain\Diquis.Domain.csproj", "{8323A828-0F03-4AB3-9D2E-5EF1FC210AC6}"
EndProject
Project("{2150E333-8FDC-42A3-9474-1A3956D46DE8}") = "src", "src", "{8DDA3235-494A-42F2-A6EE-E119BC433B87}"
EndProject
Project("{2150E333-8FDC-42A3-9474-1A3956D46DE8}") = "tests", "tests", "{9CA65C45-B13A-4A93-9C07-572163B61A65}"
EndProject
Project("{FAE04EC0-301F-11D3-BF4B-00C04F79EFBC}") = "Diquis.Application.Tests", "Diquis.Application.Tests\Diquis.Application.Tests.csproj", "{5EA9331A-2885-BC48-296B-2A7766F7B779}"
EndProject
Project("{FAE04EC0-301F-11D3-BF4B-00C04F79EFBC}") = "Diquis.Domain.Tests", "Diquis.Domain.Tests\Diquis.Domain.Tests.csproj", "{94D9B288-8723-7D57-CE7E-077F584B5BAA}"
EndProject
Project("{FAE04EC0-301F-11D3-BF4B-00C04F79EFBC}") = "Diquis.Infrastructure.Tests", "Diquis.Infrastructure.Tests\Diquis.Infrastructure.Tests.csproj", "{73273EF8-3318-7833-4010-8B3DEAAADF72}"
EndProject
Project("{FAE04EC0-301F-11D3-BF4B-00C04F79EFBC}") = "Diquis.WebApi.Tests", "Diquis.WebApi.Tests\Diquis.WebApi.Tests.csproj", "{257E378D-5879-8E65-1820-BFAD14676282}"
EndProject
Project("{FAE04EC0-301F-11D3-BF4B-00C04F79EFBC}") = "Diquis.BackgroundJobs", "Diquis.BackgroundJobs\Diquis.BackgroundJobs.csproj", "{675DB1F4-1163-4EAA-BC5D-9DE172B7A3F9}"
EndProject
Global
	GlobalSection(SolutionConfigurationPlatforms) = preSolution
		Debug|Any CPU = Debug|Any CPU
		Debug|x64 = Debug|x64
		Debug|x86 = Debug|x86
		Release|Any CPU = Release|Any CPU
		Release|x64 = Release|x64
		Release|x86 = Release|x86
	EndGlobalSection
	GlobalSection(ProjectConfigurationPlatforms) = postSolution
		{5B085394-6DB3-4206-AC3C-9DE2816AFB6C}.Debug|Any CPU.ActiveCfg = Debug|Any CPU
		{5B085394-6DB3-4206-AC3C-9DE2816AFB6C}.Debug|Any CPU.Build.0 = Debug|Any CPU
		{5B085394-6DB3-4206-AC3C-9DE2816AFB6C}.Debug|x64.ActiveCfg = Debug|Any CPU
		{5B085394-6DB3-4206-AC3C-9DE2816AFB6C}.Debug|x64.Build.0 = Debug|Any CPU
		{5B085394-6DB3-4206-AC3C-9DE2816AFB6C}.Debug|x86.ActiveCfg = Debug|Any CPU
		{5B085394-6DB3-4206-AC3C-9DE2816AFB6C}.Debug|x86.Build.0 = Debug|Any CPU
		{5B085394-6DB3-4206-AC3C-9DE2816AFB6C}.Release|Any CPU.ActiveCfg = Release|Any CPU
		{5B085394-6DB3-4206-AC3C-9DE2816AFB6C}.Release|Any CPU.Build.0 = Release|Any CPU
		{5B085394-6DB3-4206-AC3C-9DE2816AFB6C}.Release|x64.ActiveCfg = Release|Any CPU
		{5B085394-6DB3-4206-AC3C-9DE2816AFB6C}.Release|x64.Build.0 = Release|Any CPU
		{5B085394-6DB3-4206-AC3C-9DE2816AFB6C}.Release|x86.ActiveCfg = Release|Any CPU
		{5B085394-6DB3-4206-AC3C-9DE2816AFB6C}.Release|x86.Build.0 = Release|Any CPU
		{C0FDB585-90F3-4D6B-B79B-EFCE33699486}.Debug|Any CPU.ActiveCfg = Debug|Any CPU
		{C0FDB585-90F3-4D6B-B79B-EFCE33699486}.Debug|Any CPU.Build.0 = Debug|Any CPU
		{C0FDB585-90F3-4D6B-B79B-EFCE33699486}.Debug|x64.ActiveCfg = Debug|Any CPU
		{C0FDB585-90F3-4D6B-B79B-EFCE33699486}.Debug|x64.Build.0 = Debug|Any CPU
		{C0FDB585-90F3-4D6B-B79B-EFCE33699486}.Debug|x86.ActiveCfg = Debug|Any CPU
		{C0FDB585-90F3-4D6B-B79B-EFCE33699486}.Debug|x86.Build.0 = Debug|Any CPU
		{C0FDB585-90F3-4D6B-B79B-EFCE33699486}.Release|Any CPU.ActiveCfg = Release|Any CPU
		{C0FDB585-90F3-4D6B-B79B-EFCE33699486}.Release|Any CPU.Build.0 = Release|Any CPU
		{C0FDB585-90F3-4D6B-B79B-EFCE33699486}.Release|x64.ActiveCfg = Release|Any CPU
		{C0FDB585-90F3-4D6B-B79B-EFCE33699486}.Release|x64.Build.0 = Release|Any CPU
		{C0FDB585-90F3-4D6B-B79B-EFCE33699486}.Release|x86.ActiveCfg = Release|Any CPU
		{C0FDB585-90F3-4D6B-B79B-EFCE33699486}.Release|x86.Build.0 = Release|Any CPU
		{B2EE8400-B120-473E-9F47-6084921D0862}.Debug|Any CPU.ActiveCfg = Debug|Any CPU
		{B2EE8400-B120-473E-9F47-6084921D0862}.Debug|Any CPU.Build.0 = Debug|Any CPU
		{B2EE8400-B120-473E-9F47-6084921D0862}.Debug|x64.ActiveCfg = Debug|Any CPU
		{B2EE8400-B120-473E-9F47-6084921D0862}.Debug|x64.Build.0 = Debug|Any CPU
		{B2EE8400-B120-473E-9F47-6084921D0862}.Debug|x86.ActiveCfg = Debug|Any CPU
		{B2EE8400-B120-473E-9F47-6084921D0862}.Debug|x86.Build.0 = Debug|Any CPU
		{B2EE8400-B120-473E-9F47-6084921D0862}.Release|Any CPU.ActiveCfg = Release|Any CPU
		{B2EE8400-B120-473E-9F47-6084921D0862}.Release|Any CPU.Build.0 = Release|Any CPU
		{B2EE8400-B120-473E-9F47-6084921D0862}.Release|x64.ActiveCfg = Release|Any CPU
		{B2EE8400-B120-473E-9F47-6084921D0862}.Release|x64.Build.0 = Release|Any CPU
		{B2EE8400-B120-473E-9F47-6084921D0862}.Release|x86.ActiveCfg = Release|Any CPU
		{B2EE8400-B120-473E-9F47-6084921D0862}.Release|x86.Build.0 = Release|Any CPU
		{8323A828-0F03-4AB3-9D2E-5EF1FC210AC6}.Debug|Any CPU.ActiveCfg = Debug|Any CPU
		{8323A828-0F03-4AB3-9D2E-5EF1FC210AC6}.Debug|Any CPU.Build.0 = Debug|Any CPU
		{8323A828-0F03-4AB3-9D2E-5EF1FC210AC6}.Debug|x64.ActiveCfg = Debug|Any CPU
		{8323A828-0F03-4AB3-9D2E-5EF1FC210AC6}.Debug|x64.Build.0 = Debug|Any CPU
		{8323A828-0F03-4AB3-9D2E-5EF1FC210AC6}.Debug|x86.ActiveCfg = Debug|Any CPU
		{8323A828-0F03-4AB3-9D2E-5EF1FC210AC6}.Debug|x86.Build.0 = Debug|Any CPU
		{8323A828-0F03-4AB3-9D2E-5EF1FC210AC6}.Release|Any CPU.ActiveCfg = Release|Any CPU
		{8323A828-0F03-4AB3-9D2E-5EF1FC210AC6}.Release|Any CPU.Build.0 = Release|Any CPU
		{8323A828-0F03-4AB3-9D2E-5EF1FC210AC6}.Release|x64.ActiveCfg = Release|Any CPU
		{8323A828-0F03-4AB3-9D2E-5EF1FC210AC6}.Release|x64.Build.0 = Release|Any CPU
		{8323A828-0F03-4AB3-9D2E-5EF1FC210AC6}.Release|x86.ActiveCfg = Release|Any CPU
		{8323A828-0F03-4AB3-9D2E-5EF1FC210AC6}.Release|x86.Build.0 = Release|Any CPU
		{5EA9331A-2885-BC48-296B-2A7766F7B779}.Debug|Any CPU.ActiveCfg = Debug|Any CPU
		{5EA9331A-2885-BC48-296B-2A7766F7B779}.Debug|Any CPU.Build.0 = Debug|Any CPU
		{5EA9331A-2885-BC48-296B-2A7766F7B779}.Debug|x64.ActiveCfg = Debug|Any CPU
		{5EA9331A-2885-BC48-296B-2A7766F7B779}.Debug|x64.Build.0 = Debug|Any CPU
		{5EA9331A-2885-BC48-296B-2A7766F7B779}.Debug|x86.ActiveCfg = Debug|Any CPU
		{5EA9331A-2885-BC48-296B-2A7766F7B779}.Debug|x86.Build.0 = Debug|Any CPU
		{5EA9331A-2885-BC48-296B-2A7766F7B779}.Release|Any CPU.ActiveCfg = Release|Any CPU
		{5EA9331A-2885-BC48-296B-2A7766F7B779}.Release|Any CPU.Build.0 = Release|Any CPU
		{5EA9331A-2885-BC48-296B-2A7766F7B779}.Release|x64.ActiveCfg = Release|Any CPU
		{5EA9331A-2885-BC48-296B-2A7766F7B779}.Release|x64.Build.0 = Release|Any CPU
		{5EA9331A-2885-BC48-296B-2A7766F7B779}.Release|x86.ActiveCfg = Release|Any CPU
		{5EA9331A-2885-BC48-296B-2A7766F7B779}.Release|x86.Build.0 = Release|Any CPU
		{94D9B288-8723-7D57-CE7E-077F584B5BAA}.Debug|Any CPU.ActiveCfg = Debug|Any CPU
		{94D9B288-8723-7D57-CE7E-077F584B5BAA}.Debug|Any CPU.Build.0 = Debug|Any CPU
		{94D9B288-8723-7D57-CE7E-077F584B5BAA}.Debug|x64.ActiveCfg = Debug|Any CPU
		{94D9B288-8723-7D57-CE7E-077F584B5BAA}.Debug|x64.Build.0 = Debug|Any CPU
		{94D9B288-8723-7D57-CE7E-077F584B5BAA}.Debug|x86.ActiveCfg = Debug|Any CPU
		{94D9B288-8723-7D57-CE7E-077F584B5BAA}.Debug|x86.Build.0 = Debug|Any CPU
		{94D9B288-8723-7D57-CE7E-077F584B5BAA}.Release|Any CPU.ActiveCfg = Release|Any CPU
		{94D9B288-8723-7D57-CE7E-077F584B5BAA}.Release|Any CPU.Build.0 = Release|Any CPU
		{94D9B288-8723-7D57-CE7E-077F584B5BAA}.Release|x64.ActiveCfg = Release|Any CPU
		{94D9B288-8723-7D57-CE7E-077F584B5BAA}.Release|x64.Build.0 = Release|Any CPU
		{94D9B288-8723-7D57-CE7E-077F584B5BAA}.Release|x86.ActiveCfg = Release|Any CPU
		{94D9B288-8723-7D57-CE7E-077F584B5BAA}.Release|x86.Build.0 = Release|Any CPU
		{73273EF8-3318-7833-4010-8B3DEAAADF72}.Debug|Any CPU.ActiveCfg = Debug|Any CPU
		{73273EF8-3318-7833-4010-8B3DEAAADF72}.Debug|Any CPU.Build.0 = Debug|Any CPU
		{73273EF8-3318-7833-4010-8B3DEAAADF72}.Debug|x64.ActiveCfg = Debug|Any CPU
		{73273EF8-3318-7833-4010-8B3DEAAADF72}.Debug|x64.Build.0 = Debug|Any CPU
		{73273EF8-3318-7833-4010-8B3DEAAADF72}.Debug|x86.ActiveCfg = Debug|Any CPU
		{73273EF8-3318-7833-4010-8B3DEAAADF72}.Debug|x86.Build.0 = Debug|Any CPU
		{73273EF8-3318-7833-4010-8B3DEAAADF72}.Release|Any CPU.ActiveCfg = Release|Any CPU
		{73273EF8-3318-7833-4010-8B3DEAAADF72}.Release|Any CPU.Build.0 = Release|Any CPU
		{73273EF8-3318-7833-4010-8B3DEAAADF72}.Release|x64.ActiveCfg = Release|Any CPU
		{73273EF8-3318-7833-4010-8B3DEAAADF72}.Release|x64.Build.0 = Release|Any CPU
		{73273EF8-3318-7833-4010-8B3DEAAADF72}.Release|x86.ActiveCfg = Release|Any CPU
		{73273EF8-3318-7833-4010-8B3DEAAADF72}.Release|x86.Build.0 = Release|Any CPU
		{257E378D-5879-8E65-1820-BFAD14676282}.Debug|Any CPU.ActiveCfg = Debug|Any CPU
		{257E378D-5879-8E65-1820-BFAD14676282}.Debug|Any CPU.Build.0 = Debug|Any CPU
		{257E378D-5879-8E65-1820-BFAD14676282}.Debug|x64.ActiveCfg = Debug|Any CPU
		{257E378D-5879-8E65-1820-BFAD14676282}.Debug|x64.Build.0 = Debug|Any CPU
		{257E378D-5879-8E65-1820-BFAD14676282}.Debug|x86.ActiveCfg = Debug|Any CPU
		{257E378D-5879-8E65-1820-BFAD14676282}.Debug|x86.Build.0 = Debug|Any CPU
		{257E378D-5879-8E65-1820-BFAD14676282}.Release|Any CPU.ActiveCfg = Release|Any CPU
		{257E378D-5879-8E65-1820-BFAD14676282}.Release|Any CPU.Build.0 = Release|Any CPU
		{257E378D-5879-8E65-1820-BFAD14676282}.Release|x64.ActiveCfg = Release|Any CPU
		{257E378D-5879-8E65-1820-BFAD14676282}.Release|x64.Build.0 = Release|Any CPU
		{257E378D-5879-8E65-1820-BFAD14676282}.Release|x86.ActiveCfg = Release|Any CPU
		{257E378D-5879-8E65-1820-BFAD14676282}.Release|x86.Build.0 = Release|Any CPU
		{675DB1F4-1163-4EAA-BC5D-9DE172B7A3F9}.Debug|Any CPU.ActiveCfg = Debug|Any CPU
		{675DB1F4-1163-4EAA-BC5D-9DE172B7A3F9}.Debug|Any CPU.Build.0 = Debug|Any CPU
		{675DB1F4-1163-4EAA-BC5D-9DE172B7A3F9}.Debug|x64.ActiveCfg = Debug|Any CPU
		{675DB1F4-1163-4EAA-BC5D-9DE172B7A3F9}.Debug|x64.Build.0 = Debug|Any CPU
		{675DB1F4-1163-4EAA-BC5D-9DE172B7A3F9}.Debug|x86.ActiveCfg = Debug|Any CPU
		{675DB1F4-1163-4EAA-BC5D-9DE172B7A3F9}.Debug|x86.Build.0 = Debug|Any CPU
		{675DB1F4-1163-4EAA-BC5D-9DE172B7A3F9}.Release|Any CPU.ActiveCfg = Release|Any CPU
		{675DB1F4-1163-4EAA-BC5D-9DE172B7A3F9}.Release|Any CPU.Build.0 = Release|Any CPU
		{675DB1F4-1163-4EAA-BC5D-9DE172B7A3F9}.Release|x64.ActiveCfg = Release|Any CPU
		{675DB1F4-1163-4EAA-BC5D-9DE172B7A3F9}.Release|x64.Build.0 = Release|Any CPU
		{675DB1F4-1163-4EAA-BC5D-9DE172B7A3F9}.Release|x86.ActiveCfg = Release|Any CPU
		{675DB1F4-1163-4EAA-BC5D-9DE172B7A3F9}.Release|x86.Build.0 = Release|Any CPU
	EndGlobalSection
	GlobalSection(SolutionProperties) = preSolution
		HideSolutionNode = FALSE
	EndGlobalSection
	GlobalSection(NestedProjects) = preSolution
		{5B085394-6DB3-4206-AC3C-9DE2816AFB6C} = {8DDA3235-494A-42F2-A6EE-E119BC433B87}
		{C0FDB585-90F3-4D6B-B79B-EFCE33699486} = {8DDA3235-494A-42F2-A6EE-E119BC433B87}
		{B2EE8400-B120-473E-9F47-6084921D0862} = {8DDA3235-494A-42F2-A6EE-E119BC433B87}
		{8323A828-0F03-4AB3-9D2E-5EF1FC210AC6} = {8DDA3235-494A-42F2-A6EE-E119BC433B87}
		{5EA9331A-2885-BC48-296B-2A7766F7B779} = {9CA65C45-B13A-4A93-9C07-572163B61A65}
		{94D9B288-8723-7D57-CE7E-077F584B5BAA} = {9CA65C45-B13A-4A93-9C07-572163B61A65}
		{73273EF8-3318-7833-4010-8B3DEAAADF72} = {9CA65C45-B13A-4A93-9C07-572163B61A65}
		{257E378D-5879-8E65-1820-BFAD14676282} = {9CA65C45-B13A-4A93-9C07-572163B61A65}
	EndGlobalSection
EndGlobal
